
Microsoft Visual Studio Solution File, Format Version 12.00
# Visual Studio Version 17
VisualStudioVersion = 17.3.32811.315
MinimumVisualStudioVersion = 10.0.40219.1
Project("{FAE04EC0-301F-11D3-BF4B-00C04F79EFBC}") = "Mde.Project.Mobile.UWP", "Mde.Project.Mobile\Mde.Project.Mobile.UWP\Mde.Project.Mobile.UWP.csproj", "{10FBF4BE-51D3-48DC-A2E0-D2223473C406}"
EndProject
Project("{FAE04EC0-301F-11D3-BF4B-00C04F79EFBC}") = "Mde.Project.Mobile.Android", "Mde.Project.Mobile\Mde.Project.Mobile.Android\Mde.Project.Mobile.Android.csproj", "{BE8FA1A3-46EF-40F3-BE3E-670A0D75A0D0}"
EndProject
Project("{FAE04EC0-301F-11D3-BF4B-00C04F79EFBC}") = "Mde.Project.Mobile.iOS", "Mde.Project.Mobile\Mde.Project.Mobile.iOS\Mde.Project.Mobile.iOS.csproj", "{3945FA0E-C238-4D0B-801B-697D71D7E05B}"
EndProject
Project("{FAE04EC0-301F-11D3-BF4B-00C04F79EFBC}") = "Mde.Project.Mobile", "Mde.Project.Mobile\Mde.Project.Mobile\Mde.Project.Mobile.csproj", "{74A518D2-D952-437D-B0AF-E855F2AECEEA}"
EndProject
Global
	GlobalSection(SolutionConfigurationPlatforms) = preSolution
		Debug|Any CPU = Debug|Any CPU
		Debug|ARM = Debug|ARM
		Debug|iPhone = Debug|iPhone
		Debug|iPhoneSimulator = Debug|iPhoneSimulator
		Debug|x64 = Debug|x64
		Debug|x86 = Debug|x86
		Release|Any CPU = Release|Any CPU
		Release|ARM = Release|ARM
		Release|iPhone = Release|iPhone
		Release|iPhoneSimulator = Release|iPhoneSimulator
		Release|x64 = Release|x64
		Release|x86 = Release|x86
	EndGlobalSection
	GlobalSection(ProjectConfigurationPlatforms) = postSolution
		{10FBF4BE-51D3-48DC-A2E0-D2223473C406}.Debug|Any CPU.ActiveCfg = Debug|x64
		{10FBF4BE-51D3-48DC-A2E0-D2223473C406}.Debug|Any CPU.Build.0 = Debug|x64
		{10FBF4BE-51D3-48DC-A2E0-D2223473C406}.Debug|Any CPU.Deploy.0 = Debug|x64
		{10FBF4BE-51D3-48DC-A2E0-D2223473C406}.Debug|ARM.ActiveCfg = Debug|ARM
		{10FBF4BE-51D3-48DC-A2E0-D2223473C406}.Debug|ARM.Build.0 = Debug|ARM
		{10FBF4BE-51D3-48DC-A2E0-D2223473C406}.Debug|ARM.Deploy.0 = Debug|ARM
		{10FBF4BE-51D3-48DC-A2E0-D2223473C406}.Debug|iPhone.ActiveCfg = Debug|x64
		{10FBF4BE-51D3-48DC-A2E0-D2223473C406}.Debug|iPhone.Build.0 = Debug|x64
		{10FBF4BE-51D3-48DC-A2E0-D2223473C406}.Debug|iPhone.Deploy.0 = Debug|x64
		{10FBF4BE-51D3-48DC-A2E0-D2223473C406}.Debug|iPhoneSimulator.ActiveCfg = Debug|x64
		{10FBF4BE-51D3-48DC-A2E0-D2223473C406}.Debug|iPhoneSimulator.Build.0 = Debug|x64
		{10FBF4BE-51D3-48DC-A2E0-D2223473C406}.Debug|iPhoneSimulator.Deploy.0 = Debug|x64
		{10FBF4BE-51D3-48DC-A2E0-D2223473C406}.Debug|x64.ActiveCfg = Debug|x64
		{10FBF4BE-51D3-48DC-A2E0-D2223473C406}.Debug|x64.Build.0 = Debug|x64
		{10FBF4BE-51D3-48DC-A2E0-D2223473C406}.Debug|x64.Deploy.0 = Debug|x64
		{10FBF4BE-51D3-48DC-A2E0-D2223473C406}.Debug|x86.ActiveCfg = Debug|x86
		{10FBF4BE-51D3-48DC-A2E0-D2223473C406}.Debug|x86.Build.0 = Debug|x86
		{10FBF4BE-51D3-48DC-A2E0-D2223473C406}.Debug|x86.Deploy.0 = Debug|x86
		{10FBF4BE-51D3-48DC-A2E0-D2223473C406}.Release|Any CPU.ActiveCfg = Release|x64
		{10FBF4BE-51D3-48DC-A2E0-D2223473C406}.Release|Any CPU.Build.0 = Release|x64
		{10FBF4BE-51D3-48DC-A2E0-D2223473C406}.Release|Any CPU.Deploy.0 = Release|x64
		{10FBF4BE-51D3-48DC-A2E0-D2223473C406}.Release|ARM.ActiveCfg = Release|ARM
		{10FBF4BE-51D3-48DC-A2E0-D2223473C406}.Release|ARM.Build.0 = Release|ARM
		{10FBF4BE-51D3-48DC-A2E0-D2223473C406}.Release|ARM.Deploy.0 = Release|ARM
		{10FBF4BE-51D3-48DC-A2E0-D2223473C406}.Release|iPhone.ActiveCfg = Release|x64
		{10FBF4BE-51D3-48DC-A2E0-D2223473C406}.Release|iPhone.Build.0 = Release|x64
		{10FBF4BE-51D3-48DC-A2E0-D2223473C406}.Release|iPhone.Deploy.0 = Release|x64
		{10FBF4BE-51D3-48DC-A2E0-D2223473C406}.Release|iPhoneSimulator.ActiveCfg = Release|x64
		{10FBF4BE-51D3-48DC-A2E0-D2223473C406}.Release|iPhoneSimulator.Build.0 = Release|x64
		{10FBF4BE-51D3-48DC-A2E0-D2223473C406}.Release|iPhoneSimulator.Deploy.0 = Release|x64
		{10FBF4BE-51D3-48DC-A2E0-D2223473C406}.Release|x64.ActiveCfg = Release|x64
		{10FBF4BE-51D3-48DC-A2E0-D2223473C406}.Release|x64.Build.0 = Release|x64
		{10FBF4BE-51D3-48DC-A2E0-D2223473C406}.Release|x64.Deploy.0 = Release|x64
		{10FBF4BE-51D3-48DC-A2E0-D2223473C406}.Release|x86.ActiveCfg = Release|x86
		{10FBF4BE-51D3-48DC-A2E0-D2223473C406}.Release|x86.Build.0 = Release|x86
		{10FBF4BE-51D3-48DC-A2E0-D2223473C406}.Release|x86.Deploy.0 = Release|x86
		{BE8FA1A3-46EF-40F3-BE3E-670A0D75A0D0}.Debug|Any CPU.ActiveCfg = Debug|Any CPU
		{BE8FA1A3-46EF-40F3-BE3E-670A0D75A0D0}.Debug|Any CPU.Build.0 = Debug|Any CPU
		{BE8FA1A3-46EF-40F3-BE3E-670A0D75A0D0}.Debug|Any CPU.Deploy.0 = Debug|Any CPU
		{BE8FA1A3-46EF-40F3-BE3E-670A0D75A0D0}.Debug|ARM.ActiveCfg = Debug|Any CPU
		{BE8FA1A3-46EF-40F3-BE3E-670A0D75A0D0}.Debug|ARM.Build.0 = Debug|Any CPU
		{BE8FA1A3-46EF-40F3-BE3E-670A0D75A0D0}.Debug|ARM.Deploy.0 = Debug|Any CPU
		{BE8FA1A3-46EF-40F3-BE3E-670A0D75A0D0}.Debug|iPhone.ActiveCfg = Debug|Any CPU
		{BE8FA1A3-46EF-40F3-BE3E-670A0D75A0D0}.Debug|iPhone.Build.0 = Debug|Any CPU
		{BE8FA1A3-46EF-40F3-BE3E-670A0D75A0D0}.Debug|iPhone.Deploy.0 = Debug|Any CPU
		{BE8FA1A3-46EF-40F3-BE3E-670A0D75A0D0}.Debug|iPhoneSimulator.ActiveCfg = Debug|Any CPU
		{BE8FA1A3-46EF-40F3-BE3E-670A0D75A0D0}.Debug|iPhoneSimulator.Build.0 = Debug|Any CPU
		{BE8FA1A3-46EF-40F3-BE3E-670A0D75A0D0}.Debug|iPhoneSimulator.Deploy.0 = Debug|Any CPU
		{BE8FA1A3-46EF-40F3-BE3E-670A0D75A0D0}.Debug|x64.ActiveCfg = Debug|Any CPU
		{BE8FA1A3-46EF-40F3-BE3E-670A0D75A0D0}.Debug|x64.Build.0 = Debug|Any CPU
		{BE8FA1A3-46EF-40F3-BE3E-670A0D75A0D0}.Debug|x64.Deploy.0 = Debug|Any CPU
		{BE8FA1A3-46EF-40F3-BE3E-670A0D75A0D0}.Debug|x86.ActiveCfg = Debug|Any CPU
		{BE8FA1A3-46EF-40F3-BE3E-670A0D75A0D0}.Debug|x86.Build.0 = Debug|Any CPU
		{BE8FA1A3-46EF-40F3-BE3E-670A0D75A0D0}.Debug|x86.Deploy.0 = Debug|Any CPU
		{BE8FA1A3-46EF-40F3-BE3E-670A0D75A0D0}.Release|Any CPU.ActiveCfg = Release|Any CPU
		{BE8FA1A3-46EF-40F3-BE3E-670A0D75A0D0}.Release|Any CPU.Build.0 = Release|Any CPU
		{BE8FA1A3-46EF-40F3-BE3E-670A0D75A0D0}.Release|Any CPU.Deploy.0 = Release|Any CPU
		{BE8FA1A3-46EF-40F3-BE3E-670A0D75A0D0}.Release|ARM.ActiveCfg = Release|Any CPU
		{BE8FA1A3-46EF-40F3-BE3E-670A0D75A0D0}.Release|ARM.Build.0 = Release|Any CPU
		{BE8FA1A3-46EF-40F3-BE3E-670A0D75A0D0}.Release|ARM.Deploy.0 = Release|Any CPU
		{BE8FA1A3-46EF-40F3-BE3E-670A0D75A0D0}.Release|iPhone.ActiveCfg = Release|Any CPU
		{BE8FA1A3-46EF-40F3-BE3E-670A0D75A0D0}.Release|iPhone.Build.0 = Release|Any CPU
		{BE8FA1A3-46EF-40F3-BE3E-670A0D75A0D0}.Release|iPhone.Deploy.0 = Release|Any CPU
		{BE8FA1A3-46EF-40F3-BE3E-670A0D75A0D0}.Release|iPhoneSimulator.ActiveCfg = Release|Any CPU
		{BE8FA1A3-46EF-40F3-BE3E-670A0D75A0D0}.Release|iPhoneSimulator.Build.0 = Release|Any CPU
		{BE8FA1A3-46EF-40F3-BE3E-670A0D75A0D0}.Release|iPhoneSimulator.Deploy.0 = Release|Any CPU
		{BE8FA1A3-46EF-40F3-BE3E-670A0D75A0D0}.Release|x64.ActiveCfg = Release|Any CPU
		{BE8FA1A3-46EF-40F3-BE3E-670A0D75A0D0}.Release|x64.Build.0 = Release|Any CPU
		{BE8FA1A3-46EF-40F3-BE3E-670A0D75A0D0}.Release|x64.Deploy.0 = Release|Any CPU
		{BE8FA1A3-46EF-40F3-BE3E-670A0D75A0D0}.Release|x86.ActiveCfg = Release|Any CPU
		{BE8FA1A3-46EF-40F3-BE3E-670A0D75A0D0}.Release|x86.Build.0 = Release|Any CPU
		{BE8FA1A3-46EF-40F3-BE3E-670A0D75A0D0}.Release|x86.Deploy.0 = Release|Any CPU
		{3945FA0E-C238-4D0B-801B-697D71D7E05B}.Debug|Any CPU.ActiveCfg = Debug|iPhoneSimulator
		{3945FA0E-C238-4D0B-801B-697D71D7E05B}.Debug|Any CPU.Build.0 = Debug|iPhoneSimulator
		{3945FA0E-C238-4D0B-801B-697D71D7E05B}.Debug|Any CPU.Deploy.0 = Debug|iPhoneSimulator
		{3945FA0E-C238-4D0B-801B-697D71D7E05B}.Debug|ARM.ActiveCfg = Debug|iPhoneSimulator
		{3945FA0E-C238-4D0B-801B-697D71D7E05B}.Debug|ARM.Build.0 = Debug|iPhoneSimulator
		{3945FA0E-C238-4D0B-801B-697D71D7E05B}.Debug|ARM.Deploy.0 = Debug|iPhoneSimulator
		{3945FA0E-C238-4D0B-801B-697D71D7E05B}.Debug|iPhone.ActiveCfg = Debug|iPhone
		{3945FA0E-C238-4D0B-801B-697D71D7E05B}.Debug|iPhone.Build.0 = Debug|iPhone
		{3945FA0E-C238-4D0B-801B-697D71D7E05B}.Debug|iPhone.Deploy.0 = Debug|iPhone
		{3945FA0E-C238-4D0B-801B-697D71D7E05B}.Debug|iPhoneSimulator.ActiveCfg = Debug|iPhoneSimulator
		{3945FA0E-C238-4D0B-801B-697D71D7E05B}.Debug|iPhoneSimulator.Build.0 = Debug|iPhoneSimulator
		{3945FA0E-C238-4D0B-801B-697D71D7E05B}.Debug|iPhoneSimulator.Deploy.0 = Debug|iPhoneSimulator
		{3945FA0E-C238-4D0B-801B-697D71D7E05B}.Debug|x64.ActiveCfg = Debug|iPhone
		{3945FA0E-C238-4D0B-801B-697D71D7E05B}.Debug|x64.Build.0 = Debug|iPhone
		{3945FA0E-C238-4D0B-801B-697D71D7E05B}.Debug|x64.Deploy.0 = Debug|iPhone
		{3945FA0E-C238-4D0B-801B-697D71D7E05B}.Debug|x86.ActiveCfg = Debug|iPhoneSimulator
		{3945FA0E-C238-4D0B-801B-697D71D7E05B}.Debug|x86.Build.0 = Debug|iPhoneSimulator
		{3945FA0E-C238-4D0B-801B-697D71D7E05B}.Debug|x86.Deploy.0 = Debug|iPhoneSimulator
		{3945FA0E-C238-4D0B-801B-697D71D7E05B}.Release|Any CPU.ActiveCfg = Release|iPhoneSimulator
		{3945FA0E-C238-4D0B-801B-697D71D7E05B}.Release|Any CPU.Build.0 = Release|iPhoneSimulator
		{3945FA0E-C238-4D0B-801B-697D71D7E05B}.Release|Any CPU.Deploy.0 = Release|iPhoneSimulator
		{3945FA0E-C238-4D0B-801B-697D71D7E05B}.Release|ARM.ActiveCfg = Release|iPhoneSimulator
		{3945FA0E-C238-4D0B-801B-697D71D7E05B}.Release|ARM.Build.0 = Release|iPhoneSimulator
		{3945FA0E-C238-4D0B-801B-697D71D7E05B}.Release|ARM.Deploy.0 = Release|iPhoneSimulator
		{3945FA0E-C238-4D0B-801B-697D71D7E05B}.Release|iPhone.ActiveCfg = Release|iPhone
		{3945FA0E-C238-4D0B-801B-697D71D7E05B}.Release|iPhone.Build.0 = Release|iPhone
		{3945FA0E-C238-4D0B-801B-697D71D7E05B}.Release|iPhone.Deploy.0 = Release|iPhone
		{3945FA0E-C238-4D0B-801B-697D71D7E05B}.Release|iPhoneSimulator.ActiveCfg = Release|iPhoneSimulator
		{3945FA0E-C238-4D0B-801B-697D71D7E05B}.Release|iPhoneSimulator.Build.0 = Release|iPhoneSimulator
		{3945FA0E-C238-4D0B-801B-697D71D7E05B}.Release|iPhoneSimulator.Deploy.0 = Release|iPhoneSimulator
		{3945FA0E-C238-4D0B-801B-697D71D7E05B}.Release|x64.ActiveCfg = Release|iPhoneSimulator
		{3945FA0E-C238-4D0B-801B-697D71D7E05B}.Release|x64.Build.0 = Release|iPhoneSimulator
		{3945FA0E-C238-4D0B-801B-697D71D7E05B}.Release|x64.Deploy.0 = Release|iPhoneSimulator
		{3945FA0E-C238-4D0B-801B-697D71D7E05B}.Release|x86.ActiveCfg = Release|iPhoneSimulator
		{3945FA0E-C238-4D0B-801B-697D71D7E05B}.Release|x86.Build.0 = Release|iPhoneSimulator
		{3945FA0E-C238-4D0B-801B-697D71D7E05B}.Release|x86.Deploy.0 = Release|iPhoneSimulator
		{74A518D2-D952-437D-B0AF-E855F2AECEEA}.Debug|Any CPU.ActiveCfg = Debug|Any CPU
		{74A518D2-D952-437D-B0AF-E855F2AECEEA}.Debug|Any CPU.Build.0 = Debug|Any CPU
		{74A518D2-D952-437D-B0AF-E855F2AECEEA}.Debug|Any CPU.Deploy.0 = Debug|Any CPU
		{74A518D2-D952-437D-B0AF-E855F2AECEEA}.Debug|ARM.ActiveCfg = Debug|Any CPU
		{74A518D2-D952-437D-B0AF-E855F2AECEEA}.Debug|ARM.Build.0 = Debug|Any CPU
		{74A518D2-D952-437D-B0AF-E855F2AECEEA}.Debug|ARM.Deploy.0 = Debug|Any CPU
		{74A518D2-D952-437D-B0AF-E855F2AECEEA}.Debug|iPhone.ActiveCfg = Debug|Any CPU
		{74A518D2-D952-437D-B0AF-E855F2AECEEA}.Debug|iPhone.Build.0 = Debug|Any CPU
		{74A518D2-D952-437D-B0AF-E855F2AECEEA}.Debug|iPhone.Deploy.0 = Debug|Any CPU
		{74A518D2-D952-437D-B0AF-E855F2AECEEA}.Debug|iPhoneSimulator.ActiveCfg = Debug|Any CPU
		{74A518D2-D952-437D-B0AF-E855F2AECEEA}.Debug|iPhoneSimulator.Build.0 = Debug|Any CPU
		{74A518D2-D952-437D-B0AF-E855F2AECEEA}.Debug|iPhoneSimulator.Deploy.0 = Debug|Any CPU
		{74A518D2-D952-437D-B0AF-E855F2AECEEA}.Debug|x64.ActiveCfg = Debug|Any CPU
		{74A518D2-D952-437D-B0AF-E855F2AECEEA}.Debug|x64.Build.0 = Debug|Any CPU
		{74A518D2-D952-437D-B0AF-E855F2AECEEA}.Debug|x64.Deploy.0 = Debug|Any CPU
		{74A518D2-D952-437D-B0AF-E855F2AECEEA}.Debug|x86.ActiveCfg = Debug|Any CPU
		{74A518D2-D952-437D-B0AF-E855F2AECEEA}.Debug|x86.Build.0 = Debug|Any CPU
		{74A518D2-D952-437D-B0AF-E855F2AECEEA}.Debug|x86.Deploy.0 = Debug|Any CPU
		{74A518D2-D952-437D-B0AF-E855F2AECEEA}.Release|Any CPU.ActiveCfg = Release|Any CPU
		{74A518D2-D952-437D-B0AF-E855F2AECEEA}.Release|Any CPU.Build.0 = Release|Any CPU
		{74A518D2-D952-437D-B0AF-E855F2AECEEA}.Release|Any CPU.Deploy.0 = Release|Any CPU
		{74A518D2-D952-437D-B0AF-E855F2AECEEA}.Release|ARM.ActiveCfg = Release|Any CPU
		{74A518D2-D952-437D-B0AF-E855F2AECEEA}.Release|ARM.Build.0 = Release|Any CPU
		{74A518D2-D952-437D-B0AF-E855F2AECEEA}.Release|ARM.Deploy.0 = Release|Any CPU
		{74A518D2-D952-437D-B0AF-E855F2AECEEA}.Release|iPhone.ActiveCfg = Release|Any CPU
		{74A518D2-D952-437D-B0AF-E855F2AECEEA}.Release|iPhone.Build.0 = Release|Any CPU
		{74A518D2-D952-437D-B0AF-E855F2AECEEA}.Release|iPhone.Deploy.0 = Release|Any CPU
		{74A518D2-D952-437D-B0AF-E855F2AECEEA}.Release|iPhoneSimulator.ActiveCfg = Release|Any CPU
		{74A518D2-D952-437D-B0AF-E855F2AECEEA}.Release|iPhoneSimulator.Build.0 = Release|Any CPU
		{74A518D2-D952-437D-B0AF-E855F2AECEEA}.Release|iPhoneSimulator.Deploy.0 = Release|Any CPU
		{74A518D2-D952-437D-B0AF-E855F2AECEEA}.Release|x64.ActiveCfg = Release|Any CPU
		{74A518D2-D952-437D-B0AF-E855F2AECEEA}.Release|x64.Build.0 = Release|Any CPU
		{74A518D2-D952-437D-B0AF-E855F2AECEEA}.Release|x64.Deploy.0 = Release|Any CPU
		{74A518D2-D952-437D-B0AF-E855F2AECEEA}.Release|x86.ActiveCfg = Release|Any CPU
		{74A518D2-D952-437D-B0AF-E855F2AECEEA}.Release|x86.Build.0 = Release|Any CPU
		{74A518D2-D952-437D-B0AF-E855F2AECEEA}.Release|x86.Deploy.0 = Release|Any CPU
	EndGlobalSection
	GlobalSection(SolutionProperties) = preSolution
		HideSolutionNode = FALSE
	EndGlobalSection
	GlobalSection(ExtensibilityGlobals) = postSolution
		SolutionGuid = {3A42394E-337E-4DBF-BBA8-7C41FAB01E47}
	EndGlobalSection
EndGlobal
